{
  "requires": true,
  "lockfileVersion": 1,
  "dependencies": {
    "express1": {
      "version": "1.0.0",
      "resolved": "https://registry.npmjs.org/express1/-/express1-1.0.0.tgz",
      "integrity": "sha512-dTx+HTfJtpIltjj72ocexE9M4VfLPy5+RkexwW4bDZes5Vx6WMzO7Z2xMzPe1q/pRlga4w938BI879tsvvKh1A=="
    }
  }
}
